// !$*UTF8*$!
{
	archiveVersion = 1;
	classes = {
	};
	objectVersion = 53;
	objects = {

/* Begin PBXBuildFile section */
		C47CA85C2786DA37008917E0 /* AppDelegate.swift in Sources */ = {isa = PBXBuildFile; fileRef = C47CA85B2786DA37008917E0 /* AppDelegate.swift */; };
		C47CA85E2786DA37008917E0 /* SceneDelegate.swift in Sources */ = {isa = PBXBuildFile; fileRef = C47CA85D2786DA37008917E0 /* SceneDelegate.swift */; };
		C47CA8632786DA38008917E0 /* Main.storyboard in Resources */ = {isa = PBXBuildFile; fileRef = C47CA8612786DA38008917E0 /* Main.storyboard */; };
		C47CA8652786DA39008917E0 /* Assets.xcassets in Resources */ = {isa = PBXBuildFile; fileRef = C47CA8642786DA39008917E0 /* Assets.xcassets */; };
		C47CA8682786DA39008917E0 /* LaunchScreen.storyboard in Resources */ = {isa = PBXBuildFile; fileRef = C47CA8662786DA39008917E0 /* LaunchScreen.storyboard */; };
		C47CA8712786DAC1008917E0 /* ToDo.swift in Sources */ = {isa = PBXBuildFile; fileRef = C47CA8702786DAC1008917E0 /* ToDo.swift */; };
		C47CA87A2786E411008917E0 /* ToDoTableViewController.swift in Sources */ = {isa = PBXBuildFile; fileRef = C47CA8792786E411008917E0 /* ToDoTableViewController.swift */; };
		C47CA87C2786E429008917E0 /* ToDoItemTableViewController.swift in Sources */ = {isa = PBXBuildFile; fileRef = C47CA87B2786E429008917E0 /* ToDoItemTableViewController.swift */; };
		C4826D8627886205008A39C1 /* ToDoCell.swift in Sources */ = {isa = PBXBuildFile; fileRef = C4826D8527886205008A39C1 /* ToDoCell.swift */; };
		C4826D8927892E1B008A39C1 /* String+Extension.swift in Sources */ = {isa = PBXBuildFile; fileRef = C4826D8827892E1B008A39C1 /* String+Extension.swift */; };
		C4826D8B2789322F008A39C1 /* Date+Extension.swift in Sources */ = {isa = PBXBuildFile; fileRef = C4826D8A2789322F008A39C1 /* Date+Extension.swift */; };
		C4826D8D278D6DEF008A39C1 /* TextFieldCell.swift in Sources */ = {isa = PBXBuildFile; fileRef = C4826D8C278D6DEF008A39C1 /* TextFieldCell.swift */; };
		C4826D8F278D7433008A39C1 /* SwitchCell.swift in Sources */ = {isa = PBXBuildFile; fileRef = C4826D8E278D7433008A39C1 /* SwitchCell.swift */; };
		C4826D91278D746E008A39C1 /* DateCell.swift in Sources */ = {isa = PBXBuildFile; fileRef = C4826D90278D746E008A39C1 /* DateCell.swift */; };
		C4826D93278D749E008A39C1 /* DatePickerCell.swift in Sources */ = {isa = PBXBuildFile; fileRef = C4826D92278D749E008A39C1 /* DatePickerCell.swift */; };
		C4826D97278D7606008A39C1 /* ImageCell.swift in Sources */ = {isa = PBXBuildFile; fileRef = C4826D96278D7606008A39C1 /* ImageCell.swift */; };
		C4826D9A27901120008A39C1 /* SectionDatePicker.swift in Sources */ = {isa = PBXBuildFile; fileRef = C4826D9927901120008A39C1 /* SectionDatePicker.swift */; };
		C4826D9C27901235008A39C1 /* SectionImagePickerController.swift in Sources */ = {isa = PBXBuildFile; fileRef = C4826D9B27901235008A39C1 /* SectionImagePickerController.swift */; };
		C4826D9E27901383008A39C1 /* SectionSwitch.swift in Sources */ = {isa = PBXBuildFile; fileRef = C4826D9D27901383008A39C1 /* SectionSwitch.swift */; };
		C4826DA02790142B008A39C1 /* SectionTextField.swift in Sources */ = {isa = PBXBuildFile; fileRef = C4826D9F2790142B008A39C1 /* SectionTextField.swift */; };
/* End PBXBuildFile section */

/* Begin PBXFileReference section */
		C47CA8582786DA37008917E0 /* ToDoList.app */ = {isa = PBXFileReference; explicitFileType = wrapper.application; includeInIndex = 0; path = ToDoList.app; sourceTree = BUILT_PRODUCTS_DIR; };
		C47CA85B2786DA37008917E0 /* AppDelegate.swift */ = {isa = PBXFileReference; lastKnownFileType = sourcecode.swift; path = AppDelegate.swift; sourceTree = "<group>"; };
		C47CA85D2786DA37008917E0 /* SceneDelegate.swift */ = {isa = PBXFileReference; lastKnownFileType = sourcecode.swift; path = SceneDelegate.swift; sourceTree = "<group>"; };
		C47CA8622786DA38008917E0 /* Base */ = {isa = PBXFileReference; lastKnownFileType = file.storyboard; name = Base; path = Base.lproj/Main.storyboard; sourceTree = "<group>"; };
		C47CA8642786DA39008917E0 /* Assets.xcassets */ = {isa = PBXFileReference; lastKnownFileType = folder.assetcatalog; path = Assets.xcassets; sourceTree = "<group>"; };
		C47CA8672786DA39008917E0 /* Base */ = {isa = PBXFileReference; lastKnownFileType = file.storyboard; name = Base; path = Base.lproj/LaunchScreen.storyboard; sourceTree = "<group>"; };
		C47CA8692786DA39008917E0 /* Info.plist */ = {isa = PBXFileReference; lastKnownFileType = text.plist.xml; path = Info.plist; sourceTree = "<group>"; };
		C47CA8702786DAC1008917E0 /* ToDo.swift */ = {isa = PBXFileReference; lastKnownFileType = sourcecode.swift; path = ToDo.swift; sourceTree = "<group>"; };
		C47CA8792786E411008917E0 /* ToDoTableViewController.swift */ = {isa = PBXFileReference; lastKnownFileType = sourcecode.swift; path = ToDoTableViewController.swift; sourceTree = "<group>"; };
		C47CA87B2786E429008917E0 /* ToDoItemTableViewController.swift */ = {isa = PBXFileReference; lastKnownFileType = sourcecode.swift; path = ToDoItemTableViewController.swift; sourceTree = "<group>"; };
		C4826D8527886205008A39C1 /* ToDoCell.swift */ = {isa = PBXFileReference; lastKnownFileType = sourcecode.swift; path = ToDoCell.swift; sourceTree = "<group>"; };
		C4826D8827892E1B008A39C1 /* String+Extension.swift */ = {isa = PBXFileReference; lastKnownFileType = sourcecode.swift; path = "String+Extension.swift"; sourceTree = "<group>"; };
		C4826D8A2789322F008A39C1 /* Date+Extension.swift */ = {isa = PBXFileReference; lastKnownFileType = sourcecode.swift; path = "Date+Extension.swift"; sourceTree = "<group>"; };
		C4826D8C278D6DEF008A39C1 /* TextFieldCell.swift */ = {isa = PBXFileReference; lastKnownFileType = sourcecode.swift; path = TextFieldCell.swift; sourceTree = "<group>"; };
		C4826D8E278D7433008A39C1 /* SwitchCell.swift */ = {isa = PBXFileReference; lastKnownFileType = sourcecode.swift; path = SwitchCell.swift; sourceTree = "<group>"; };
		C4826D90278D746E008A39C1 /* DateCell.swift */ = {isa = PBXFileReference; lastKnownFileType = sourcecode.swift; path = DateCell.swift; sourceTree = "<group>"; };
		C4826D92278D749E008A39C1 /* DatePickerCell.swift */ = {isa = PBXFileReference; lastKnownFileType = sourcecode.swift; path = DatePickerCell.swift; sourceTree = "<group>"; };
		C4826D96278D7606008A39C1 /* ImageCell.swift */ = {isa = PBXFileReference; lastKnownFileType = sourcecode.swift; path = ImageCell.swift; sourceTree = "<group>"; };
		C4826D9927901120008A39C1 /* SectionDatePicker.swift */ = {isa = PBXFileReference; lastKnownFileType = sourcecode.swift; path = SectionDatePicker.swift; sourceTree = "<group>"; };
		C4826D9B27901235008A39C1 /* SectionImagePickerController.swift */ = {isa = PBXFileReference; lastKnownFileType = sourcecode.swift; path = SectionImagePickerController.swift; sourceTree = "<group>"; };
		C4826D9D27901383008A39C1 /* SectionSwitch.swift */ = {isa = PBXFileReference; lastKnownFileType = sourcecode.swift; path = SectionSwitch.swift; sourceTree = "<group>"; };
		C4826D9F2790142B008A39C1 /* SectionTextField.swift */ = {isa = PBXFileReference; lastKnownFileType = sourcecode.swift; path = SectionTextField.swift; sourceTree = "<group>"; };
/* End PBXFileReference section */

/* Begin PBXFrameworksBuildPhase section */
		C47CA8552786DA37008917E0 /* Frameworks */ = {
			isa = PBXFrameworksBuildPhase;
			buildActionMask = 2147483647;
			files = (
			);
			runOnlyForDeploymentPostprocessing = 0;
		};
/* End PBXFrameworksBuildPhase section */

/* Begin PBXGroup section */
		C47CA84F2786DA37008917E0 = {
			isa = PBXGroup;
			children = (
				C47CA85A2786DA37008917E0 /* ToDoList */,
				C47CA8592786DA37008917E0 /* Products */,
			);
			sourceTree = "<group>";
		};
		C47CA8592786DA37008917E0 /* Products */ = {
			isa = PBXGroup;
			children = (
				C47CA8582786DA37008917E0 /* ToDoList.app */,
			);
			name = Products;
			sourceTree = "<group>";
		};
		C47CA85A2786DA37008917E0 /* ToDoList */ = {
			isa = PBXGroup;
			children = (
				C47CA8722786E02B008917E0 /* App */,
				C4826D84278861C6008A39C1 /* Cells */,
				C4826D8727892DF0008A39C1 /* Extensions */,
				C47CA86F2786DA92008917E0 /* Models */,
				C47CA85D2786DA37008917E0 /* SceneDelegate.swift */,
				C47CA8732786E068008917E0 /* Storyboards */,
				C4826D98278ED6E1008A39C1 /* View */,
				C47CA8742786E08D008917E0 /* View Controllers */,
			);
			path = ToDoList;
			sourceTree = "<group>";
		};
		C47CA86F2786DA92008917E0 /* Models */ = {
			isa = PBXGroup;
			children = (
				C47CA8702786DAC1008917E0 /* ToDo.swift */,
			);
			path = Models;
			sourceTree = "<group>";
		};
		C47CA8722786E02B008917E0 /* App */ = {
			isa = PBXGroup;
			children = (
				C47CA85B2786DA37008917E0 /* AppDelegate.swift */,
				C47CA8642786DA39008917E0 /* Assets.xcassets */,
				C47CA8692786DA39008917E0 /* Info.plist */,
			);
			path = App;
			sourceTree = "<group>";
		};
		C47CA8732786E068008917E0 /* Storyboards */ = {
			isa = PBXGroup;
			children = (
				C47CA8612786DA38008917E0 /* Main.storyboard */,
				C47CA8662786DA39008917E0 /* LaunchScreen.storyboard */,
			);
			path = Storyboards;
			sourceTree = "<group>";
		};
		C47CA8742786E08D008917E0 /* View Controllers */ = {
			isa = PBXGroup;
			children = (
				C47CA8792786E411008917E0 /* ToDoTableViewController.swift */,
				C47CA87B2786E429008917E0 /* ToDoItemTableViewController.swift */,
			);
			path = "View Controllers";
			sourceTree = "<group>";
		};
		C4826D84278861C6008A39C1 /* Cells */ = {
			isa = PBXGroup;
			children = (
				C4826D90278D746E008A39C1 /* DateCell.swift */,
				C4826D92278D749E008A39C1 /* DatePickerCell.swift */,
				C4826D96278D7606008A39C1 /* ImageCell.swift */,
				C4826D8E278D7433008A39C1 /* SwitchCell.swift */,
				C4826D8C278D6DEF008A39C1 /* TextFieldCell.swift */,
				C4826D8527886205008A39C1 /* ToDoCell.swift */,
			);
			path = Cells;
			sourceTree = "<group>";
		};
		C4826D8727892DF0008A39C1 /* Extensions */ = {
			isa = PBXGroup;
			children = (
				C4826D8A2789322F008A39C1 /* Date+Extension.swift */,
				C4826D8827892E1B008A39C1 /* String+Extension.swift */,
			);
			path = Extensions;
			sourceTree = "<group>";
		};
		C4826D98278ED6E1008A39C1 /* View */ = {
			isa = PBXGroup;
			children = (
				C4826D9927901120008A39C1 /* SectionDatePicker.swift */,
				C4826D9B27901235008A39C1 /* SectionImagePickerController.swift */,
				C4826D9D27901383008A39C1 /* SectionSwitch.swift */,
				C4826D9F2790142B008A39C1 /* SectionTextField.swift */,
			);
			path = View;
			sourceTree = "<group>";
		};
/* End PBXGroup section */

/* Begin PBXNativeTarget section */
		C47CA8572786DA37008917E0 /* ToDoList */ = {
			isa = PBXNativeTarget;
			buildConfigurationList = C47CA86C2786DA39008917E0 /* Build configuration list for PBXNativeTarget "ToDoList" */;
			buildPhases = (
				C47CA8542786DA37008917E0 /* Sources */,
				C47CA8552786DA37008917E0 /* Frameworks */,
				C47CA8562786DA37008917E0 /* Resources */,
			);
			buildRules = (
			);
			dependencies = (
			);
			name = ToDoList;
			productName = ToDoList;
			productReference = C47CA8582786DA37008917E0 /* ToDoList.app */;
			productType = "com.apple.product-type.application";
		};
/* End PBXNativeTarget section */

/* Begin PBXProject section */
		C47CA8502786DA37008917E0 /* Project object */ = {
			isa = PBXProject;
			attributes = {
				BuildIndependentTargetsInParallel = 1;
				LastSwiftUpdateCheck = 1310;
				LastUpgradeCheck = 1310;
				TargetAttributes = {
					C47CA8572786DA37008917E0 = {
						CreatedOnToolsVersion = 13.1;
					};
				};
			};
			buildConfigurationList = C47CA8532786DA37008917E0 /* Build configuration list for PBXProject "ToDoList" */;
			compatibilityVersion = "Xcode 9.3";
			developmentRegion = en;
			hasScannedForEncodings = 0;
			knownRegions = (
				en,
				Base,
			);
			mainGroup = C47CA84F2786DA37008917E0;
			productRefGroup = C47CA8592786DA37008917E0 /* Products */;
			projectDirPath = "";
			projectRoot = "";
			targets = (
				C47CA8572786DA37008917E0 /* ToDoList */,
			);
		};
/* End PBXProject section */

/* Begin PBXResourcesBuildPhase section */
		C47CA8562786DA37008917E0 /* Resources */ = {
			isa = PBXResourcesBuildPhase;
			buildActionMask = 2147483647;
			files = (
				C47CA8682786DA39008917E0 /* LaunchScreen.storyboard in Resources */,
				C47CA8652786DA39008917E0 /* Assets.xcassets in Resources */,
				C47CA8632786DA38008917E0 /* Main.storyboard in Resources */,
			);
			runOnlyForDeploymentPostprocessing = 0;
		};
/* End PBXResourcesBuildPhase section */

/* Begin PBXSourcesBuildPhase section */
		C47CA8542786DA37008917E0 /* Sources */ = {
			isa = PBXSourcesBuildPhase;
			buildActionMask = 2147483647;
			files = (
				C47CA85C2786DA37008917E0 /* AppDelegate.swift in Sources */,
				C4826D91278D746E008A39C1 /* DateCell.swift in Sources */,
				C4826D8927892E1B008A39C1 /* String+Extension.swift in Sources */,
				C4826D8627886205008A39C1 /* ToDoCell.swift in Sources */,
				C47CA85E2786DA37008917E0 /* SceneDelegate.swift in Sources */,
				C4826DA02790142B008A39C1 /* SectionTextField.swift in Sources */,
				C4826D9E27901383008A39C1 /* SectionSwitch.swift in Sources */,
				C47CA87C2786E429008917E0 /* ToDoItemTableViewController.swift in Sources */,
				C4826D9C27901235008A39C1 /* SectionImagePickerController.swift in Sources */,
				C4826D8D278D6DEF008A39C1 /* TextFieldCell.swift in Sources */,
				C4826D8B2789322F008A39C1 /* Date+Extension.swift in Sources */,
				C47CA8712786DAC1008917E0 /* ToDo.swift in Sources */,
				C47CA87A2786E411008917E0 /* ToDoTableViewController.swift in Sources */,
				C4826D8F278D7433008A39C1 /* SwitchCell.swift in Sources */,
				C4826D93278D749E008A39C1 /* DatePickerCell.swift in Sources */,
				C4826D97278D7606008A39C1 /* ImageCell.swift in Sources */,
				C4826D9A27901120008A39C1 /* SectionDatePicker.swift in Sources */,
			);
			runOnlyForDeploymentPostprocessing = 0;
		};
/* End PBXSourcesBuildPhase section */

/* Begin PBXVariantGroup section */
		C47CA8612786DA38008917E0 /* Main.storyboard */ = {
			isa = PBXVariantGroup;
			children = (
				C47CA8622786DA38008917E0 /* Base */,
			);
			name = Main.storyboard;
			sourceTree = "<group>";
		};
		C47CA8662786DA39008917E0 /* LaunchScreen.storyboard */ = {
			isa = PBXVariantGroup;
			children = (
				C47CA8672786DA39008917E0 /* Base */,
			);
			name = LaunchScreen.storyboard;
			sourceTree = "<group>";
		};
/* End PBXVariantGroup section */

/* Begin XCBuildConfiguration section */
		C47CA86A2786DA39008917E0 /* Debug */ = {
			isa = XCBuildConfiguration;
			buildSettings = {
				ALWAYS_SEARCH_USER_PATHS = NO;
				CLANG_ANALYZER_NONNULL = YES;
				CLANG_ANALYZER_NUMBER_OBJECT_CONVERSION = YES_AGGRESSIVE;
				CLANG_CXX_LANGUAGE_STANDARD = "gnu++17";
				CLANG_CXX_LIBRARY = "libc++";
				CLANG_ENABLE_MODULES = YES;
				CLANG_ENABLE_OBJC_ARC = YES;
				CLANG_ENABLE_OBJC_WEAK = YES;
				CLANG_WARN_BLOCK_CAPTURE_AUTORELEASING = YES;
				CLANG_WARN_BOOL_CONVERSION = YES;
				CLANG_WARN_COMMA = YES;
				CLANG_WARN_CONSTANT_CONVERSION = YES;
				CLANG_WARN_DEPRECATED_OBJC_IMPLEMENTATIONS = YES;
				CLANG_WARN_DIRECT_OBJC_ISA_USAGE = YES_ERROR;
				CLANG_WARN_DOCUMENTATION_COMMENTS = YES;
				CLANG_WARN_EMPTY_BODY = YES;
				CLANG_WARN_ENUM_CONVERSION = YES;
				CLANG_WARN_INFINITE_RECURSION = YES;
				CLANG_WARN_INT_CONVERSION = YES;
				CLANG_WARN_NON_LITERAL_NULL_CONVERSION = YES;
				CLANG_WARN_OBJC_IMPLICIT_RETAIN_SELF = YES;
				CLANG_WARN_OBJC_LITERAL_CONVERSION = YES;
				CLANG_WARN_OBJC_ROOT_CLASS = YES_ERROR;
				CLANG_WARN_QUOTED_INCLUDE_IN_FRAMEWORK_HEADER = YES;
				CLANG_WARN_RANGE_LOOP_ANALYSIS = YES;
				CLANG_WARN_STRICT_PROTOTYPES = YES;
				CLANG_WARN_SUSPICIOUS_MOVE = YES;
				CLANG_WARN_UNGUARDED_AVAILABILITY = YES_AGGRESSIVE;
				CLANG_WARN_UNREACHABLE_CODE = YES;
				CLANG_WARN__DUPLICATE_METHOD_MATCH = YES;
				COPY_PHASE_STRIP = NO;
				DEBUG_INFORMATION_FORMAT = dwarf;
				ENABLE_STRICT_OBJC_MSGSEND = YES;
				ENABLE_TESTABILITY = YES;
				GCC_C_LANGUAGE_STANDARD = gnu11;
				GCC_DYNAMIC_NO_PIC = NO;
				GCC_NO_COMMON_BLOCKS = YES;
				GCC_OPTIMIZATION_LEVEL = 0;
				GCC_PREPROCESSOR_DEFINITIONS = (
					"DEBUG=1",
					"$(inherited)",
				);
				GCC_WARN_64_TO_32_BIT_CONVERSION = YES;
				GCC_WARN_ABOUT_RETURN_TYPE = YES_ERROR;
				GCC_WARN_UNDECLARED_SELECTOR = YES;
				GCC_WARN_UNINITIALIZED_AUTOS = YES_AGGRESSIVE;
				GCC_WARN_UNUSED_FUNCTION = YES;
				GCC_WARN_UNUSED_VARIABLE = YES;
				IPHONEOS_DEPLOYMENT_TARGET = 12.4;
				MTL_ENABLE_DEBUG_INFO = INCLUDE_SOURCE;
				MTL_FAST_MATH = YES;
				ONLY_ACTIVE_ARCH = YES;
				SDKROOT = iphoneos;
				SWIFT_ACTIVE_COMPILATION_CONDITIONS = DEBUG;
				SWIFT_OPTIMIZATION_LEVEL = "-Onone";
			};
			name = Debug;
		};
		C47CA86B2786DA39008917E0 /* Release */ = {
			isa = XCBuildConfiguration;
			buildSettings = {
				ALWAYS_SEARCH_USER_PATHS = NO;
				CLANG_ANALYZER_NONNULL = YES;
				CLANG_ANALYZER_NUMBER_OBJECT_CONVERSION = YES_AGGRESSIVE;
				CLANG_CXX_LANGUAGE_STANDARD = "gnu++17";
				CLANG_CXX_LIBRARY = "libc++";
				CLANG_ENABLE_MODULES = YES;
				CLANG_ENABLE_OBJC_ARC = YES;
				CLANG_ENABLE_OBJC_WEAK = YES;
				CLANG_WARN_BLOCK_CAPTURE_AUTORELEASING = YES;
				CLANG_WARN_BOOL_CONVERSION = YES;
				CLANG_WARN_COMMA = YES;
				CLANG_WARN_CONSTANT_CONVERSION = YES;
				CLANG_WARN_DEPRECATED_OBJC_IMPLEMENTATIONS = YES;
				CLANG_WARN_DIRECT_OBJC_ISA_USAGE = YES_ERROR;
				CLANG_WARN_DOCUMENTATION_COMMENTS = YES;
				CLANG_WARN_EMPTY_BODY = YES;
				CLANG_WARN_ENUM_CONVERSION = YES;
				CLANG_WARN_INFINITE_RECURSION = YES;
				CLANG_WARN_INT_CONVERSION = YES;
				CLANG_WARN_NON_LITERAL_NULL_CONVERSION = YES;
				CLANG_WARN_OBJC_IMPLICIT_RETAIN_SELF = YES;
				CLANG_WARN_OBJC_LITERAL_CONVERSION = YES;
				CLANG_WARN_OBJC_ROOT_CLASS = YES_ERROR;
				CLANG_WARN_QUOTED_INCLUDE_IN_FRAMEWORK_HEADER = YES;
				CLANG_WARN_RANGE_LOOP_ANALYSIS = YES;
				CLANG_WARN_STRICT_PROTOTYPES = YES;
				CLANG_WARN_SUSPICIOUS_MOVE = YES;
				CLANG_WARN_UNGUARDED_AVAILABILITY = YES_AGGRESSIVE;
				CLANG_WARN_UNREACHABLE_CODE = YES;
				CLANG_WARN__DUPLICATE_METHOD_MATCH = YES;
				COPY_PHASE_STRIP = NO;
				DEBUG_INFORMATION_FORMAT = "dwarf-with-dsym";
				ENABLE_NS_ASSERTIONS = NO;
				ENABLE_STRICT_OBJC_MSGSEND = YES;
				GCC_C_LANGUAGE_STANDARD = gnu11;
				GCC_NO_COMMON_BLOCKS = YES;
				GCC_WARN_64_TO_32_BIT_CONVERSION = YES;
				GCC_WARN_ABOUT_RETURN_TYPE = YES_ERROR;
				GCC_WARN_UNDECLARED_SELECTOR = YES;
				GCC_WARN_UNINITIALIZED_AUTOS = YES_AGGRESSIVE;
				GCC_WARN_UNUSED_FUNCTION = YES;
				GCC_WARN_UNUSED_VARIABLE = YES;
				IPHONEOS_DEPLOYMENT_TARGET = 12.4;
				MTL_ENABLE_DEBUG_INFO = NO;
				MTL_FAST_MATH = YES;
				SDKROOT = iphoneos;
				SWIFT_COMPILATION_MODE = wholemodule;
				SWIFT_OPTIMIZATION_LEVEL = "-O";
				VALIDATE_PRODUCT = YES;
			};
			name = Release;
		};
		C47CA86D2786DA39008917E0 /* Debug */ = {
			isa = XCBuildConfiguration;
			buildSettings = {
				ASSETCATALOG_COMPILER_APPICON_NAME = AppIcon;
				ASSETCATALOG_COMPILER_GLOBAL_ACCENT_COLOR_NAME = AccentColor;
				CODE_SIGN_STYLE = Automatic;
				CURRENT_PROJECT_VERSION = 1;
				DEVELOPMENT_TEAM = 9V3TAVF7A9;
				GENERATE_INFOPLIST_FILE = YES;
				INFOPLIST_FILE = ToDoList/App/Info.plist;
				INFOPLIST_KEY_UIApplicationSupportsIndirectInputEvents = YES;
				INFOPLIST_KEY_UILaunchStoryboardName = LaunchScreen;
				INFOPLIST_KEY_UIMainStoryboardFile = Main;
				INFOPLIST_KEY_UISupportedInterfaceOrientations_iPad = "UIInterfaceOrientationPortrait UIInterfaceOrientationPortraitUpsideDown UIInterfaceOrientationLandscapeLeft UIInterfaceOrientationLandscapeRight";
				INFOPLIST_KEY_UISupportedInterfaceOrientations_iPhone = "UIInterfaceOrientationPortrait UIInterfaceOrientationLandscapeLeft UIInterfaceOrientationLandscapeRight";
				IPHONEOS_DEPLOYMENT_TARGET = 15.0;
				LD_RUNPATH_SEARCH_PATHS = (
					"$(inherited)",
					"@executable_path/Frameworks",
				);
				MARKETING_VERSION = 1.0;
				PRODUCT_BUNDLE_IDENTIFIER = app8bob.ToDoList;
				PRODUCT_NAME = "$(TARGET_NAME)";
				SWIFT_EMIT_LOC_STRINGS = YES;
				SWIFT_VERSION = 5.0;
				TARGETED_DEVICE_FAMILY = "1,2";
			};
			name = Debug;
		};
		C47CA86E2786DA39008917E0 /* Release */ = {
			isa = XCBuildConfiguration;
			buildSettings = {
				ASSETCATALOG_COMPILER_APPICON_NAME = AppIcon;
				ASSETCATALOG_COMPILER_GLOBAL_ACCENT_COLOR_NAME = AccentColor;
				CODE_SIGN_STYLE = Automatic;
				CURRENT_PROJECT_VERSION = 1;
				DEVELOPMENT_TEAM = 9V3TAVF7A9;
				GENERATE_INFOPLIST_FILE = YES;
				INFOPLIST_FILE = ToDoList/App/Info.plist;
				INFOPLIST_KEY_UIApplicationSupportsIndirectInputEvents = YES;
				INFOPLIST_KEY_UILaunchStoryboardName = LaunchScreen;
				INFOPLIST_KEY_UIMainStoryboardFile = Main;
				INFOPLIST_KEY_UISupportedInterfaceOrientations_iPad = "UIInterfaceOrientationPortrait UIInterfaceOrientationPortraitUpsideDown UIInterfaceOrientationLandscapeLeft UIInterfaceOrientationLandscapeRight";
				INFOPLIST_KEY_UISupportedInterfaceOrientations_iPhone = "UIInterfaceOrientationPortrait UIInterfaceOrientationLandscapeLeft UIInterfaceOrientationLandscapeRight";
				IPHONEOS_DEPLOYMENT_TARGET = 15.0;
				LD_RUNPATH_SEARCH_PATHS = (
					"$(inherited)",
					"@executable_path/Frameworks",
				);
				MARKETING_VERSION = 1.0;
				PRODUCT_BUNDLE_IDENTIFIER = app8bob.ToDoList;
				PRODUCT_NAME = "$(TARGET_NAME)";
				SWIFT_EMIT_LOC_STRINGS = YES;
				SWIFT_VERSION = 5.0;
				TARGETED_DEVICE_FAMILY = "1,2";
			};
			name = Release;
		};
/* End XCBuildConfiguration section */

/* Begin XCConfigurationList section */
		C47CA8532786DA37008917E0 /* Build configuration list for PBXProject "ToDoList" */ = {
			isa = XCConfigurationList;
			buildConfigurations = (
				C47CA86A2786DA39008917E0 /* Debug */,
				C47CA86B2786DA39008917E0 /* Release */,
			);
			defaultConfigurationIsVisible = 0;
			defaultConfigurationName = Release;
		};
		C47CA86C2786DA39008917E0 /* Build configuration list for PBXNativeTarget "ToDoList" */ = {
			isa = XCConfigurationList;
			buildConfigurations = (
				C47CA86D2786DA39008917E0 /* Debug */,
				C47CA86E2786DA39008917E0 /* Release */,
			);
			defaultConfigurationIsVisible = 0;
			defaultConfigurationName = Release;
		};
/* End XCConfigurationList section */
	};
	rootObject = C47CA8502786DA37008917E0 /* Project object */;
}
